
Microsoft Visual Studio Solution File, Format Version 12.00
# Visual Studio Version 16
VisualStudioVersion = 16.0.30711.63
MinimumVisualStudioVersion = 10.0.40219.1
Project("{FAE04EC0-301F-11D3-BF4B-00C04F79EFBC}") = "ReserveIt_Backend", "ReserveIt_Backend\ReserveIt_Backend.csproj", "{9BBE4EB5-7757-4172-8BD0-1B93D75D0CFB}"
EndProject
Global
	GlobalSection(SolutionConfigurationPlatforms) = preSolution
		Debug|Any CPU = Debug|Any CPU
		Release|Any CPU = Release|Any CPU
	EndGlobalSection
	GlobalSection(ProjectConfigurationPlatforms) = postSolution
		{9BBE4EB5-7757-4172-8BD0-1B93D75D0CFB}.Debug|Any CPU.ActiveCfg = Debug|Any CPU
		{9BBE4EB5-7757-4172-8BD0-1B93D75D0CFB}.Debug|Any CPU.Build.0 = Debug|Any CPU
		{9BBE4EB5-7757-4172-8BD0-1B93D75D0CFB}.Release|Any CPU.ActiveCfg = Release|Any CPU
		{9BBE4EB5-7757-4172-8BD0-1B93D75D0CFB}.Release|Any CPU.Build.0 = Release|Any CPU
	EndGlobalSection
	GlobalSection(SolutionProperties) = preSolution
		HideSolutionNode = FALSE
	EndGlobalSection
	GlobalSection(ExtensibilityGlobals) = postSolution
		SolutionGuid = {7ACFBC7D-C884-4D95-92BE-B2C1A306FFF7}
	EndGlobalSection
EndGlobal
